
Microsoft Visual Studio Solution File, Format Version 12.00
# Visual Studio 15
VisualStudioVersion = 15.0.27130.2027
MinimumVisualStudioVersion = 10.0.40219.1
Project("{FAE04EC0-301F-11D3-BF4B-00C04F79EFBC}") = "WPFGeonameAsync", "WPFGeonameAsync\WPFGeonameAsync.csproj", "{C2220F08-A4DC-4814-9362-340FD41983ED}"
EndProject
Project("{FAE04EC0-301F-11D3-BF4B-00C04F79EFBC}") = "BLL", "BLL\BLL.csproj", "{ED67F3A1-C3F1-4B7D-A555-3D79B251DFDF}"
EndProject
Global
	GlobalSection(SolutionConfigurationPlatforms) = preSolution
		Debug|Any CPU = Debug|Any CPU
		Release|Any CPU = Release|Any CPU
	EndGlobalSection
	GlobalSection(ProjectConfigurationPlatforms) = postSolution
		{C2220F08-A4DC-4814-9362-340FD41983ED}.Debug|Any CPU.ActiveCfg = Debug|Any CPU
		{C2220F08-A4DC-4814-9362-340FD41983ED}.Debug|Any CPU.Build.0 = Debug|Any CPU
		{C2220F08-A4DC-4814-9362-340FD41983ED}.Release|Any CPU.ActiveCfg = Release|Any CPU
		{C2220F08-A4DC-4814-9362-340FD41983ED}.Release|Any CPU.Build.0 = Release|Any CPU
		{ED67F3A1-C3F1-4B7D-A555-3D79B251DFDF}.Debug|Any CPU.ActiveCfg = Debug|Any CPU
		{ED67F3A1-C3F1-4B7D-A555-3D79B251DFDF}.Debug|Any CPU.Build.0 = Debug|Any CPU
		{ED67F3A1-C3F1-4B7D-A555-3D79B251DFDF}.Release|Any CPU.ActiveCfg = Release|Any CPU
		{ED67F3A1-C3F1-4B7D-A555-3D79B251DFDF}.Release|Any CPU.Build.0 = Release|Any CPU
	EndGlobalSection
	GlobalSection(SolutionProperties) = preSolution
		HideSolutionNode = FALSE
	EndGlobalSection
	GlobalSection(ExtensibilityGlobals) = postSolution
		SolutionGuid = {8D828823-2EBE-4868-8B0A-7887DA0D0099}
	EndGlobalSection
EndGlobal
