
Microsoft Visual Studio Solution File, Format Version 12.00
# Visual Studio 15
VisualStudioVersion = 15.0.27130.2027
MinimumVisualStudioVersion = 10.0.40219.1
Project("{FAE04EC0-301F-11D3-BF4B-00C04F79EFBC}") = "WebNewControls", "WebNewControls\WebNewControls.csproj", "{08F6606C-246B-40AF-B6A1-6C9A2D20E3E1}"
EndProject
Project("{FAE04EC0-301F-11D3-BF4B-00C04F79EFBC}") = "ClassLibraryMath", "ClassLibraryMath\ClassLibraryMath.csproj", "{5A719530-2035-4169-9B9E-95039CE11D62}"
EndProject
Global
	GlobalSection(SolutionConfigurationPlatforms) = preSolution
		Debug|Any CPU = Debug|Any CPU
		Release|Any CPU = Release|Any CPU
	EndGlobalSection
	GlobalSection(ProjectConfigurationPlatforms) = postSolution
		{08F6606C-246B-40AF-B6A1-6C9A2D20E3E1}.Debug|Any CPU.ActiveCfg = Debug|Any CPU
		{08F6606C-246B-40AF-B6A1-6C9A2D20E3E1}.Debug|Any CPU.Build.0 = Debug|Any CPU
		{08F6606C-246B-40AF-B6A1-6C9A2D20E3E1}.Release|Any CPU.ActiveCfg = Release|Any CPU
		{08F6606C-246B-40AF-B6A1-6C9A2D20E3E1}.Release|Any CPU.Build.0 = Release|Any CPU
		{5A719530-2035-4169-9B9E-95039CE11D62}.Debug|Any CPU.ActiveCfg = Debug|Any CPU
		{5A719530-2035-4169-9B9E-95039CE11D62}.Debug|Any CPU.Build.0 = Debug|Any CPU
		{5A719530-2035-4169-9B9E-95039CE11D62}.Release|Any CPU.ActiveCfg = Release|Any CPU
		{5A719530-2035-4169-9B9E-95039CE11D62}.Release|Any CPU.Build.0 = Release|Any CPU
	EndGlobalSection
	GlobalSection(SolutionProperties) = preSolution
		HideSolutionNode = FALSE
	EndGlobalSection
	GlobalSection(ExtensibilityGlobals) = postSolution
		SolutionGuid = {C155A2FC-6F95-4573-94F2-AF4010A17656}
	EndGlobalSection
EndGlobal
